// !$*UTF8*$!
{
	archiveVersion = 1;
	classes = {
	};
	objectVersion = 46;
	objects = {

/* Begin PBXBuildFile section */
		885506011EB18F66000EB64C /* AppDelegate.swift in Sources */ = {isa = PBXBuildFile; fileRef = 885506001EB18F66000EB64C /* AppDelegate.swift */; };
		885506031EB18F66000EB64C /* CardsViewController.swift in Sources */ = {isa = PBXBuildFile; fileRef = 885506021EB18F66000EB64C /* CardsViewController.swift */; };
		885506061EB18F66000EB64C /* Main.storyboard in Resources */ = {isa = PBXBuildFile; fileRef = 885506041EB18F66000EB64C /* Main.storyboard */; };
		885506081EB18F66000EB64C /* Assets.xcassets in Resources */ = {isa = PBXBuildFile; fileRef = 885506071EB18F66000EB64C /* Assets.xcassets */; };
		8855060B1EB18F66000EB64C /* LaunchScreen.storyboard in Resources */ = {isa = PBXBuildFile; fileRef = 885506091EB18F66000EB64C /* LaunchScreen.storyboard */; };
		886908DD1EB194740017BC6D /* DraggableImageView.swift in Sources */ = {isa = PBXBuildFile; fileRef = 886908DC1EB194740017BC6D /* DraggableImageView.swift */; };
		886908DF1EB194890017BC6D /* CustomView.xib in Resources */ = {isa = PBXBuildFile; fileRef = 886908DE1EB194890017BC6D /* CustomView.xib */; };
/* End PBXBuildFile section */

/* Begin PBXFileReference section */
		885505FD1EB18F66000EB64C /* TinderCDPTH.app */ = {isa = PBXFileReference; explicitFileType = wrapper.application; includeInIndex = 0; path = TinderCDPTH.app; sourceTree = BUILT_PRODUCTS_DIR; };
		885506001EB18F66000EB64C /* AppDelegate.swift */ = {isa = PBXFileReference; lastKnownFileType = sourcecode.swift; path = AppDelegate.swift; sourceTree = "<group>"; };
		885506021EB18F66000EB64C /* CardsViewController.swift */ = {isa = PBXFileReference; lastKnownFileType = sourcecode.swift; path = CardsViewController.swift; sourceTree = "<group>"; };
		885506051EB18F66000EB64C /* Base */ = {isa = PBXFileReference; lastKnownFileType = file.storyboard; name = Base; path = Base.lproj/Main.storyboard; sourceTree = "<group>"; };
		885506071EB18F66000EB64C /* Assets.xcassets */ = {isa = PBXFileReference; lastKnownFileType = folder.assetcatalog; path = Assets.xcassets; sourceTree = "<group>"; };
		8855060A1EB18F66000EB64C /* Base */ = {isa = PBXFileReference; lastKnownFileType = file.storyboard; name = Base; path = Base.lproj/LaunchScreen.storyboard; sourceTree = "<group>"; };
		8855060C1EB18F66000EB64C /* Info.plist */ = {isa = PBXFileReference; lastKnownFileType = text.plist.xml; path = Info.plist; sourceTree = "<group>"; };
		886908DC1EB194740017BC6D /* DraggableImageView.swift */ = {isa = PBXFileReference; fileEncoding = 4; lastKnownFileType = sourcecode.swift; path = DraggableImageView.swift; sourceTree = "<group>"; };
		886908DE1EB194890017BC6D /* CustomView.xib */ = {isa = PBXFileReference; fileEncoding = 4; lastKnownFileType = file.xib; path = CustomView.xib; sourceTree = "<group>"; };
/* End PBXFileReference section */

/* Begin PBXFrameworksBuildPhase section */
		885505FA1EB18F66000EB64C /* Frameworks */ = {
			isa = PBXFrameworksBuildPhase;
			buildActionMask = 2147483647;
			files = (
			);
			runOnlyForDeploymentPostprocessing = 0;
		};
/* End PBXFrameworksBuildPhase section */

/* Begin PBXGroup section */
		885505F41EB18F66000EB64C = {
			isa = PBXGroup;
			children = (
				885505FF1EB18F66000EB64C /* TinderCDPTH */,
				885505FE1EB18F66000EB64C /* Products */,
			);
			sourceTree = "<group>";
		};
		885505FE1EB18F66000EB64C /* Products */ = {
			isa = PBXGroup;
			children = (
				885505FD1EB18F66000EB64C /* TinderCDPTH.app */,
			);
			name = Products;
			sourceTree = "<group>";
		};
		885505FF1EB18F66000EB64C /* TinderCDPTH */ = {
			isa = PBXGroup;
			children = (
				885506001EB18F66000EB64C /* AppDelegate.swift */,
				885506021EB18F66000EB64C /* CardsViewController.swift */,
				885506041EB18F66000EB64C /* Main.storyboard */,
				885506071EB18F66000EB64C /* Assets.xcassets */,
				885506091EB18F66000EB64C /* LaunchScreen.storyboard */,
				8855060C1EB18F66000EB64C /* Info.plist */,
				886908DC1EB194740017BC6D /* DraggableImageView.swift */,
				886908DE1EB194890017BC6D /* CustomView.xib */,
			);
			path = TinderCDPTH;
			sourceTree = "<group>";
		};
/* End PBXGroup section */

/* Begin PBXNativeTarget section */
		885505FC1EB18F66000EB64C /* TinderCDPTH */ = {
			isa = PBXNativeTarget;
			buildConfigurationList = 8855060F1EB18F66000EB64C /* Build configuration list for PBXNativeTarget "TinderCDPTH" */;
			buildPhases = (
				885505F91EB18F66000EB64C /* Sources */,
				885505FA1EB18F66000EB64C /* Frameworks */,
				885505FB1EB18F66000EB64C /* Resources */,
			);
			buildRules = (
			);
			dependencies = (
			);
			name = TinderCDPTH;
			productName = TinderCDPTH;
			productReference = 885505FD1EB18F66000EB64C /* TinderCDPTH.app */;
			productType = "com.apple.product-type.application";
		};
/* End PBXNativeTarget section */

/* Begin PBXProject section */
		885505F51EB18F66000EB64C /* Project object */ = {
			isa = PBXProject;
			attributes = {
				LastSwiftUpdateCheck = 0830;
				LastUpgradeCheck = 0830;
				ORGANIZATIONNAME = Niraj;
				TargetAttributes = {
					885505FC1EB18F66000EB64C = {
						CreatedOnToolsVersion = 8.3.2;
						ProvisioningStyle = Automatic;
					};
				};
			};
			buildConfigurationList = 885505F81EB18F66000EB64C /* Build configuration list for PBXProject "TinderCDPTH" */;
			compatibilityVersion = "Xcode 3.2";
			developmentRegion = English;
			hasScannedForEncodings = 0;
			knownRegions = (
				en,
				Base,
			);
			mainGroup = 885505F41EB18F66000EB64C;
			productRefGroup = 885505FE1EB18F66000EB64C /* Products */;
			projectDirPath = "";
			projectRoot = "";
			targets = (
				885505FC1EB18F66000EB64C /* TinderCDPTH */,
			);
		};
/* End PBXProject section */

/* Begin PBXResourcesBuildPhase section */
		885505FB1EB18F66000EB64C /* Resources */ = {
			isa = PBXResourcesBuildPhase;
			buildActionMask = 2147483647;
			files = (
				8855060B1EB18F66000EB64C /* LaunchScreen.storyboard in Resources */,
				886908DF1EB194890017BC6D /* CustomView.xib in Resources */,
				885506081EB18F66000EB64C /* Assets.xcassets in Resources */,
				885506061EB18F66000EB64C /* Main.storyboard in Resources */,
			);
			runOnlyForDeploymentPostprocessing = 0;
		};
/* End PBXResourcesBuildPhase section */

/* Begin PBXSourcesBuildPhase section */
		885505F91EB18F66000EB64C /* Sources */ = {
			isa = PBXSourcesBuildPhase;
			buildActionMask = 2147483647;
			files = (
				885506031EB18F66000EB64C /* CardsViewController.swift in Sources */,
				886908DD1EB194740017BC6D /* DraggableImageView.swift in Sources */,
				885506011EB18F66000EB64C /* AppDelegate.swift in Sources */,
			);
			runOnlyForDeploymentPostprocessing = 0;
		};
/* End PBXSourcesBuildPhase section */

/* Begin PBXVariantGroup section */
		885506041EB18F66000EB64C /* Main.storyboard */ = {
			isa = PBXVariantGroup;
			children = (
				885506051EB18F66000EB64C /* Base */,
			);
			name = Main.storyboard;
			sourceTree = "<group>";
		};
		885506091EB18F66000EB64C /* LaunchScreen.storyboard */ = {
			isa = PBXVariantGroup;
			children = (
				8855060A1EB18F66000EB64C /* Base */,
			);
			name = LaunchScreen.storyboard;
			sourceTree = "<group>";
		};
/* End PBXVariantGroup section */

/* Begin XCBuildConfiguration section */
		8855060D1EB18F66000EB64C /* Debug */ = {
			isa = XCBuildConfiguration;
			buildSettings = {
				ALWAYS_SEARCH_USER_PATHS = NO;
				CLANG_ANALYZER_NONNULL = YES;
				CLANG_ANALYZER_NUMBER_OBJECT_CONVERSION = YES_AGGRESSIVE;
				CLANG_CXX_LANGUAGE_STANDARD = "gnu++0x";
				CLANG_CXX_LIBRARY = "libc++";
				CLANG_ENABLE_MODULES = YES;
				CLANG_ENABLE_OBJC_ARC = YES;
				CLANG_WARN_BOOL_CONVERSION = YES;
				CLANG_WARN_CONSTANT_CONVERSION = YES;
				CLANG_WARN_DIRECT_OBJC_ISA_USAGE = YES_ERROR;
				CLANG_WARN_DOCUMENTATION_COMMENTS = YES;
				CLANG_WARN_EMPTY_BODY = YES;
				CLANG_WARN_ENUM_CONVERSION = YES;
				CLANG_WARN_INFINITE_RECURSION = YES;
				CLANG_WARN_INT_CONVERSION = YES;
				CLANG_WARN_OBJC_ROOT_CLASS = YES_ERROR;
				CLANG_WARN_SUSPICIOUS_MOVE = YES;
				CLANG_WARN_UNREACHABLE_CODE = YES;
				CLANG_WARN__DUPLICATE_METHOD_MATCH = YES;
				"CODE_SIGN_IDENTITY[sdk=iphoneos*]" = "iPhone Developer";
				COPY_PHASE_STRIP = NO;
				DEBUG_INFORMATION_FORMAT = dwarf;
				ENABLE_STRICT_OBJC_MSGSEND = YES;
				ENABLE_TESTABILITY = YES;
				GCC_C_LANGUAGE_STANDARD = gnu99;
				GCC_DYNAMIC_NO_PIC = NO;
				GCC_NO_COMMON_BLOCKS = YES;
				GCC_OPTIMIZATION_LEVEL = 0;
				GCC_PREPROCESSOR_DEFINITIONS = (
					"DEBUG=1",
					"$(inherited)",
				);
				GCC_WARN_64_TO_32_BIT_CONVERSION = YES;
				GCC_WARN_ABOUT_RETURN_TYPE = YES_ERROR;
				GCC_WARN_UNDECLARED_SELECTOR = YES;
				GCC_WARN_UNINITIALIZED_AUTOS = YES_AGGRESSIVE;
				GCC_WARN_UNUSED_FUNCTION = YES;
				GCC_WARN_UNUSED_VARIABLE = YES;
				IPHONEOS_DEPLOYMENT_TARGET = 10.3;
				MTL_ENABLE_DEBUG_INFO = YES;
				ONLY_ACTIVE_ARCH = YES;
				SDKROOT = iphoneos;
				SWIFT_ACTIVE_COMPILATION_CONDITIONS = DEBUG;
				SWIFT_OPTIMIZATION_LEVEL = "-Onone";
				TARGETED_DEVICE_FAMILY = "1,2";
			};
			name = Debug;
		};
		8855060E1EB18F66000EB64C /* Release */ = {
			isa = XCBuildConfiguration;
			buildSettings = {
				ALWAYS_SEARCH_USER_PATHS = NO;
				CLANG_ANALYZER_NONNULL = YES;
				CLANG_ANALYZER_NUMBER_OBJECT_CONVERSION = YES_AGGRESSIVE;
				CLANG_CXX_LANGUAGE_STANDARD = "gnu++0x";
				CLANG_CXX_LIBRARY = "libc++";
				CLANG_ENABLE_MODULES = YES;
				CLANG_ENABLE_OBJC_ARC = YES;
				CLANG_WARN_BOOL_CONVERSION = YES;
				CLANG_WARN_CONSTANT_CONVERSION = YES;
				CLANG_WARN_DIRECT_OBJC_ISA_USAGE = YES_ERROR;
				CLANG_WARN_DOCUMENTATION_COMMENTS = YES;
				CLANG_WARN_EMPTY_BODY = YES;
				CLANG_WARN_ENUM_CONVERSION = YES;
				CLANG_WARN_INFINITE_RECURSION = YES;
				CLANG_WARN_INT_CONVERSION = YES;
				CLANG_WARN_OBJC_ROOT_CLASS = YES_ERROR;
				CLANG_WARN_SUSPICIOUS_MOVE = YES;
				CLANG_WARN_UNREACHABLE_CODE = YES;
				CLANG_WARN__DUPLICATE_METHOD_MATCH = YES;
				"CODE_SIGN_IDENTITY[sdk=iphoneos*]" = "iPhone Developer";
				COPY_PHASE_STRIP = NO;
				DEBUG_INFORMATION_FORMAT = "dwarf-with-dsym";
				ENABLE_NS_ASSERTIONS = NO;
				ENABLE_STRICT_OBJC_MSGSEND = YES;
				GCC_C_LANGUAGE_STANDARD = gnu99;
				GCC_NO_COMMON_BLOCKS = YES;
				GCC_WARN_64_TO_32_BIT_CONVERSION = YES;
				GCC_WARN_ABOUT_RETURN_TYPE = YES_ERROR;
				GCC_WARN_UNDECLARED_SELECTOR = YES;
				GCC_WARN_UNINITIALIZED_AUTOS = YES_AGGRESSIVE;
				GCC_WARN_UNUSED_FUNCTION = YES;
				GCC_WARN_UNUSED_VARIABLE = YES;
				IPHONEOS_DEPLOYMENT_TARGET = 10.3;
				MTL_ENABLE_DEBUG_INFO = NO;
				SDKROOT = iphoneos;
				SWIFT_OPTIMIZATION_LEVEL = "-Owholemodule";
				TARGETED_DEVICE_FAMILY = "1,2";
				VALIDATE_PRODUCT = YES;
			};
			name = Release;
		};
		885506101EB18F66000EB64C /* Debug */ = {
			isa = XCBuildConfiguration;
			buildSettings = {
				ASSETCATALOG_COMPILER_APPICON_NAME = AppIcon;
				INFOPLIST_FILE = TinderCDPTH/Info.plist;
				LD_RUNPATH_SEARCH_PATHS = "$(inherited) @executable_path/Frameworks";
				PRODUCT_BUNDLE_IDENTIFIER = com.rnd.ios.apps.TinderCDPTH;
				PRODUCT_NAME = "$(TARGET_NAME)";
				SWIFT_VERSION = 3.0;
			};
			name = Debug;
		};
		885506111EB18F66000EB64C /* Release */ = {
			isa = XCBuildConfiguration;
			buildSettings = {
				ASSETCATALOG_COMPILER_APPICON_NAME = AppIcon;
				INFOPLIST_FILE = TinderCDPTH/Info.plist;
				LD_RUNPATH_SEARCH_PATHS = "$(inherited) @executable_path/Frameworks";
				PRODUCT_BUNDLE_IDENTIFIER = com.rnd.ios.apps.TinderCDPTH;
				PRODUCT_NAME = "$(TARGET_NAME)";
				SWIFT_VERSION = 3.0;
			};
			name = Release;
		};
/* End XCBuildConfiguration section */

/* Begin XCConfigurationList section */
		885505F81EB18F66000EB64C /* Build configuration list for PBXProject "TinderCDPTH" */ = {
			isa = XCConfigurationList;
			buildConfigurations = (
				8855060D1EB18F66000EB64C /* Debug */,
				8855060E1EB18F66000EB64C /* Release */,
			);
			defaultConfigurationIsVisible = 0;
			defaultConfigurationName = Release;
		};
		8855060F1EB18F66000EB64C /* Build configuration list for PBXNativeTarget "TinderCDPTH" */ = {
			isa = XCConfigurationList;
			buildConfigurations = (
				885506101EB18F66000EB64C /* Debug */,
				885506111EB18F66000EB64C /* Release */,
			);
			defaultConfigurationIsVisible = 0;
			defaultConfigurationName = Release;
		};
/* End XCConfigurationList section */
	};
	rootObject = 885505F51EB18F66000EB64C /* Project object */;
}
